<Solution>
  <Folder Name="/src/">
    <Project Path="src/Lorcaire.Application/Lorcaire.Application.csproj" />
    <Project Path="src/Lorcaire.Bootstrap/Lorcaire.Bootstrap.csproj" />
    <Project Path="src/Lorcaire.Core/Lorcaire.Core.csproj" />
    <Project Path="src/Lorcaire.Desktop/Lorcaire.Desktop.csproj" />
    <Project Path="src/Lorcaire.Infrastructure/Lorcaire.Infrastructure.csproj" />
  </Folder>
  <Folder Name="/tests/">
    <Project Path="tests/Lorcaire.Application.Tests/Lorcaire.Application.Tests.csproj" />
    <Project Path="tests/Lorcaire.Core.Tests/Lorcaire.Core.Tests.csproj" />
    <Project Path="tests/Lorcaire.Desktop.Tests/Lorcaire.Desktop.Tests.csproj" />
    <Project Path="tests/Lorcaire.Infrastructure.Tests/Lorcaire.Infrastructure.Tests.csproj" />
  </Folder>
</Solution>
